
Microsoft Visual Studio Solution File, Format Version 12.00
Project("{2150E333-8FDC-42A3-9474-1A3956D46DE8}") = "src", "src", "{827E0CD3-B72D-47B6-A68D-7590B98EB39B}"
EndProject
Project("{FAE04EC0-301F-11D3-BF4B-00C04F79EFBC}") = "ProbahoSSE", "src\ProbahoSSE\ProbahoSSE.csproj", "{B3BF14DB-C6A3-4343-89EF-6CB0A2B3AB1C}"
EndProject
Project("{FAE04EC0-301F-11D3-BF4B-00C04F79EFBC}") = "ProbahoSSE.RedisPubSub", "src\ProbahoSSE.RedisPubSub\ProbahoSSE.RedisPubSub.csproj", "{C69734E3-4D17-4FE8-93D6-83FF30068EA8}"
EndProject
Project("{FAE04EC0-301F-11D3-BF4B-00C04F79EFBC}") = "ProbahoSSE.RedisStream", "src\ProbahoSSE.RedisStream\ProbahoSSE.RedisStream.csproj", "{E575463E-B2CD-4108-81B2-810610F45A26}"
EndProject
Project("{2150E333-8FDC-42A3-9474-1A3956D46DE8}") = "samples", "samples", "{5D20AA90-6969-D8BD-9DCD-8634F4692FDA}"
EndProject
Project("{2150E333-8FDC-42A3-9474-1A3956D46DE8}") = "Sample.RedisPubSub", "Sample.RedisPubSub", "{16F77D6E-1D69-AB9A-101E-9520E10844CA}"
EndProject
Project("{2150E333-8FDC-42A3-9474-1A3956D46DE8}") = "Api", "Api", "{27D534A1-3EC7-E3FD-8627-F9EFA690042E}"
EndProject
Project("{FAE04EC0-301F-11D3-BF4B-00C04F79EFBC}") = "Sample.RedisPubSub.Api", "samples\Sample.RedisPubSub\Api\Sample.RedisPubSub.Api.csproj", "{2BB76A97-6A4B-49BE-BC46-E41F6387D811}"
EndProject
Project("{2150E333-8FDC-42A3-9474-1A3956D46DE8}") = "Sample.RedisStream", "Sample.RedisStream", "{1887CA1B-ABF3-92F5-1509-B644FF9312D7}"
EndProject
Project("{2150E333-8FDC-42A3-9474-1A3956D46DE8}") = "Api", "Api", "{614A6D6F-412E-90A7-AD8E-468F7CDDFB9D}"
EndProject
Project("{FAE04EC0-301F-11D3-BF4B-00C04F79EFBC}") = "Sample.RedisStream.Api", "samples\Sample.RedisStream\Api\Sample.RedisStream.Api.csproj", "{EBD138A1-4AB7-4A4D-9919-56917FBC62E0}"
EndProject
Project("{2150E333-8FDC-42A3-9474-1A3956D46DE8}") = "tests", "tests", "{0AB3BF05-4346-4AA6-1389-037BE0695223}"
EndProject
Project("{FAE04EC0-301F-11D3-BF4B-00C04F79EFBC}") = "ProbahoSSE.Tests.Unit", "tests\ProbahoSSE.Tests.Unit\ProbahoSSE.Tests.Unit.csproj", "{9DF18754-3D86-4909-A00B-645A6A925D5F}"
EndProject
Project("{FAE04EC0-301F-11D3-BF4B-00C04F79EFBC}") = "ProbahoSSE.Tests.Integration", "tests\ProbahoSSE.Tests.Integration\ProbahoSSE.Tests.Integration.csproj", "{E67C52A7-F412-4C8E-A18F-1DCD0254D8B7}"
EndProject
Project("{FAE04EC0-301F-11D3-BF4B-00C04F79EFBC}") = "Common.IoTSensorSimulator", "samples\Common.IoTSensorSimulator\Common.IoTSensorSimulator.csproj", "{547EB96B-BE87-48AA-8076-F8CC3DEE66E6}"
EndProject
Project("{2150E333-8FDC-42A3-9474-1A3956D46DE8}") = "SolutionItems", "SolutionItems", "{D6A5381C-12FA-4D9E-A074-50D52680BC6E}"
	ProjectSection(SolutionItems) = preProject
		Directory.Build.props = Directory.Build.props
		Directory.Packages.props = Directory.Packages.props
		LICENSE = LICENSE
		README.md = README.md
		.dockerignore = .dockerignore
		.editorconfig = .editorconfig
		.github\workflows\publish.yml = .github\workflows\publish.yml
		.github\workflows\build.yml = .github\workflows\build.yml
		.gitignore = .gitignore
		CHANGELOG.md = CHANGELOG.md
		.github\workflows\changelog-release.yml = .github\workflows\changelog-release.yml
	EndProjectSection
EndProject
Project("{FAE04EC0-301F-11D3-BF4B-00C04F79EFBC}") = "ProbahoSSE.Backplane", "src\ProbahoSSE.Backplane\ProbahoSSE.Backplane.csproj", "{3A579E0B-3549-4C14-A5CC-3A98E224C8F4}"
EndProject
Project("{FAE04EC0-301F-11D3-BF4B-00C04F79EFBC}") = "ProbahoSSE.RabbitMq", "src\ProbahoSSE.RabbitMq\ProbahoSSE.RabbitMq.csproj", "{BF514973-E5BA-44A6-AC4A-88C4FFF7E6EA}"
EndProject
Global
	GlobalSection(SolutionConfigurationPlatforms) = preSolution
		Debug|Any CPU = Debug|Any CPU
		Debug|x64 = Debug|x64
		Debug|x86 = Debug|x86
		Release|Any CPU = Release|Any CPU
		Release|x64 = Release|x64
		Release|x86 = Release|x86
	EndGlobalSection
	GlobalSection(ProjectConfigurationPlatforms) = postSolution
		{B3BF14DB-C6A3-4343-89EF-6CB0A2B3AB1C}.Debug|Any CPU.ActiveCfg = Debug|Any CPU
		{B3BF14DB-C6A3-4343-89EF-6CB0A2B3AB1C}.Debug|Any CPU.Build.0 = Debug|Any CPU
		{B3BF14DB-C6A3-4343-89EF-6CB0A2B3AB1C}.Debug|x64.ActiveCfg = Debug|Any CPU
		{B3BF14DB-C6A3-4343-89EF-6CB0A2B3AB1C}.Debug|x64.Build.0 = Debug|Any CPU
		{B3BF14DB-C6A3-4343-89EF-6CB0A2B3AB1C}.Debug|x86.ActiveCfg = Debug|Any CPU
		{B3BF14DB-C6A3-4343-89EF-6CB0A2B3AB1C}.Debug|x86.Build.0 = Debug|Any CPU
		{B3BF14DB-C6A3-4343-89EF-6CB0A2B3AB1C}.Release|Any CPU.ActiveCfg = Release|Any CPU
		{B3BF14DB-C6A3-4343-89EF-6CB0A2B3AB1C}.Release|Any CPU.Build.0 = Release|Any CPU
		{B3BF14DB-C6A3-4343-89EF-6CB0A2B3AB1C}.Release|x64.ActiveCfg = Release|Any CPU
		{B3BF14DB-C6A3-4343-89EF-6CB0A2B3AB1C}.Release|x64.Build.0 = Release|Any CPU
		{B3BF14DB-C6A3-4343-89EF-6CB0A2B3AB1C}.Release|x86.ActiveCfg = Release|Any CPU
		{B3BF14DB-C6A3-4343-89EF-6CB0A2B3AB1C}.Release|x86.Build.0 = Release|Any CPU
		{C69734E3-4D17-4FE8-93D6-83FF30068EA8}.Debug|Any CPU.ActiveCfg = Debug|Any CPU
		{C69734E3-4D17-4FE8-93D6-83FF30068EA8}.Debug|Any CPU.Build.0 = Debug|Any CPU
		{C69734E3-4D17-4FE8-93D6-83FF30068EA8}.Debug|x64.ActiveCfg = Debug|Any CPU
		{C69734E3-4D17-4FE8-93D6-83FF30068EA8}.Debug|x64.Build.0 = Debug|Any CPU
		{C69734E3-4D17-4FE8-93D6-83FF30068EA8}.Debug|x86.ActiveCfg = Debug|Any CPU
		{C69734E3-4D17-4FE8-93D6-83FF30068EA8}.Debug|x86.Build.0 = Debug|Any CPU
		{C69734E3-4D17-4FE8-93D6-83FF30068EA8}.Release|Any CPU.ActiveCfg = Release|Any CPU
		{C69734E3-4D17-4FE8-93D6-83FF30068EA8}.Release|Any CPU.Build.0 = Release|Any CPU
		{C69734E3-4D17-4FE8-93D6-83FF30068EA8}.Release|x64.ActiveCfg = Release|Any CPU
		{C69734E3-4D17-4FE8-93D6-83FF30068EA8}.Release|x64.Build.0 = Release|Any CPU
		{C69734E3-4D17-4FE8-93D6-83FF30068EA8}.Release|x86.ActiveCfg = Release|Any CPU
		{C69734E3-4D17-4FE8-93D6-83FF30068EA8}.Release|x86.Build.0 = Release|Any CPU
		{E575463E-B2CD-4108-81B2-810610F45A26}.Debug|Any CPU.ActiveCfg = Debug|Any CPU
		{E575463E-B2CD-4108-81B2-810610F45A26}.Debug|Any CPU.Build.0 = Debug|Any CPU
		{E575463E-B2CD-4108-81B2-810610F45A26}.Debug|x64.ActiveCfg = Debug|Any CPU
		{E575463E-B2CD-4108-81B2-810610F45A26}.Debug|x64.Build.0 = Debug|Any CPU
		{E575463E-B2CD-4108-81B2-810610F45A26}.Debug|x86.ActiveCfg = Debug|Any CPU
		{E575463E-B2CD-4108-81B2-810610F45A26}.Debug|x86.Build.0 = Debug|Any CPU
		{E575463E-B2CD-4108-81B2-810610F45A26}.Release|Any CPU.ActiveCfg = Release|Any CPU
		{E575463E-B2CD-4108-81B2-810610F45A26}.Release|Any CPU.Build.0 = Release|Any CPU
		{E575463E-B2CD-4108-81B2-810610F45A26}.Release|x64.ActiveCfg = Release|Any CPU
		{E575463E-B2CD-4108-81B2-810610F45A26}.Release|x64.Build.0 = Release|Any CPU
		{E575463E-B2CD-4108-81B2-810610F45A26}.Release|x86.ActiveCfg = Release|Any CPU
		{E575463E-B2CD-4108-81B2-810610F45A26}.Release|x86.Build.0 = Release|Any CPU
		{2BB76A97-6A4B-49BE-BC46-E41F6387D811}.Debug|Any CPU.ActiveCfg = Debug|Any CPU
		{2BB76A97-6A4B-49BE-BC46-E41F6387D811}.Debug|Any CPU.Build.0 = Debug|Any CPU
		{2BB76A97-6A4B-49BE-BC46-E41F6387D811}.Debug|x64.ActiveCfg = Debug|Any CPU
		{2BB76A97-6A4B-49BE-BC46-E41F6387D811}.Debug|x64.Build.0 = Debug|Any CPU
		{2BB76A97-6A4B-49BE-BC46-E41F6387D811}.Debug|x86.ActiveCfg = Debug|Any CPU
		{2BB76A97-6A4B-49BE-BC46-E41F6387D811}.Debug|x86.Build.0 = Debug|Any CPU
		{2BB76A97-6A4B-49BE-BC46-E41F6387D811}.Release|Any CPU.ActiveCfg = Release|Any CPU
		{2BB76A97-6A4B-49BE-BC46-E41F6387D811}.Release|Any CPU.Build.0 = Release|Any CPU
		{2BB76A97-6A4B-49BE-BC46-E41F6387D811}.Release|x64.ActiveCfg = Release|Any CPU
		{2BB76A97-6A4B-49BE-BC46-E41F6387D811}.Release|x64.Build.0 = Release|Any CPU
		{2BB76A97-6A4B-49BE-BC46-E41F6387D811}.Release|x86.ActiveCfg = Release|Any CPU
		{2BB76A97-6A4B-49BE-BC46-E41F6387D811}.Release|x86.Build.0 = Release|Any CPU
		{EBD138A1-4AB7-4A4D-9919-56917FBC62E0}.Debug|Any CPU.ActiveCfg = Debug|Any CPU
		{EBD138A1-4AB7-4A4D-9919-56917FBC62E0}.Debug|Any CPU.Build.0 = Debug|Any CPU
		{EBD138A1-4AB7-4A4D-9919-56917FBC62E0}.Debug|x64.ActiveCfg = Debug|Any CPU
		{EBD138A1-4AB7-4A4D-9919-56917FBC62E0}.Debug|x64.Build.0 = Debug|Any CPU
		{EBD138A1-4AB7-4A4D-9919-56917FBC62E0}.Debug|x86.ActiveCfg = Debug|Any CPU
		{EBD138A1-4AB7-4A4D-9919-56917FBC62E0}.Debug|x86.Build.0 = Debug|Any CPU
		{EBD138A1-4AB7-4A4D-9919-56917FBC62E0}.Release|Any CPU.ActiveCfg = Release|Any CPU
		{EBD138A1-4AB7-4A4D-9919-56917FBC62E0}.Release|Any CPU.Build.0 = Release|Any CPU
		{EBD138A1-4AB7-4A4D-9919-56917FBC62E0}.Release|x64.ActiveCfg = Release|Any CPU
		{EBD138A1-4AB7-4A4D-9919-56917FBC62E0}.Release|x64.Build.0 = Release|Any CPU
		{EBD138A1-4AB7-4A4D-9919-56917FBC62E0}.Release|x86.ActiveCfg = Release|Any CPU
		{EBD138A1-4AB7-4A4D-9919-56917FBC62E0}.Release|x86.Build.0 = Release|Any CPU
		{9DF18754-3D86-4909-A00B-645A6A925D5F}.Debug|Any CPU.ActiveCfg = Debug|Any CPU
		{9DF18754-3D86-4909-A00B-645A6A925D5F}.Debug|Any CPU.Build.0 = Debug|Any CPU
		{9DF18754-3D86-4909-A00B-645A6A925D5F}.Debug|x64.ActiveCfg = Debug|Any CPU
		{9DF18754-3D86-4909-A00B-645A6A925D5F}.Debug|x64.Build.0 = Debug|Any CPU
		{9DF18754-3D86-4909-A00B-645A6A925D5F}.Debug|x86.ActiveCfg = Debug|Any CPU
		{9DF18754-3D86-4909-A00B-645A6A925D5F}.Debug|x86.Build.0 = Debug|Any CPU
		{9DF18754-3D86-4909-A00B-645A6A925D5F}.Release|Any CPU.ActiveCfg = Release|Any CPU
		{9DF18754-3D86-4909-A00B-645A6A925D5F}.Release|Any CPU.Build.0 = Release|Any CPU
		{9DF18754-3D86-4909-A00B-645A6A925D5F}.Release|x64.ActiveCfg = Release|Any CPU
		{9DF18754-3D86-4909-A00B-645A6A925D5F}.Release|x64.Build.0 = Release|Any CPU
		{9DF18754-3D86-4909-A00B-645A6A925D5F}.Release|x86.ActiveCfg = Release|Any CPU
		{9DF18754-3D86-4909-A00B-645A6A925D5F}.Release|x86.Build.0 = Release|Any CPU
		{E67C52A7-F412-4C8E-A18F-1DCD0254D8B7}.Debug|Any CPU.ActiveCfg = Debug|Any CPU
		{E67C52A7-F412-4C8E-A18F-1DCD0254D8B7}.Debug|Any CPU.Build.0 = Debug|Any CPU
		{E67C52A7-F412-4C8E-A18F-1DCD0254D8B7}.Debug|x64.ActiveCfg = Debug|Any CPU
		{E67C52A7-F412-4C8E-A18F-1DCD0254D8B7}.Debug|x64.Build.0 = Debug|Any CPU
		{E67C52A7-F412-4C8E-A18F-1DCD0254D8B7}.Debug|x86.ActiveCfg = Debug|Any CPU
		{E67C52A7-F412-4C8E-A18F-1DCD0254D8B7}.Debug|x86.Build.0 = Debug|Any CPU
		{E67C52A7-F412-4C8E-A18F-1DCD0254D8B7}.Release|Any CPU.ActiveCfg = Release|Any CPU
		{E67C52A7-F412-4C8E-A18F-1DCD0254D8B7}.Release|Any CPU.Build.0 = Release|Any CPU
		{E67C52A7-F412-4C8E-A18F-1DCD0254D8B7}.Release|x64.ActiveCfg = Release|Any CPU
		{E67C52A7-F412-4C8E-A18F-1DCD0254D8B7}.Release|x64.Build.0 = Release|Any CPU
		{E67C52A7-F412-4C8E-A18F-1DCD0254D8B7}.Release|x86.ActiveCfg = Release|Any CPU
		{E67C52A7-F412-4C8E-A18F-1DCD0254D8B7}.Release|x86.Build.0 = Release|Any CPU
		{547EB96B-BE87-48AA-8076-F8CC3DEE66E6}.Debug|Any CPU.ActiveCfg = Debug|Any CPU
		{547EB96B-BE87-48AA-8076-F8CC3DEE66E6}.Debug|Any CPU.Build.0 = Debug|Any CPU
		{547EB96B-BE87-48AA-8076-F8CC3DEE66E6}.Debug|x64.ActiveCfg = Debug|Any CPU
		{547EB96B-BE87-48AA-8076-F8CC3DEE66E6}.Debug|x64.Build.0 = Debug|Any CPU
		{547EB96B-BE87-48AA-8076-F8CC3DEE66E6}.Debug|x86.ActiveCfg = Debug|Any CPU
		{547EB96B-BE87-48AA-8076-F8CC3DEE66E6}.Debug|x86.Build.0 = Debug|Any CPU
		{547EB96B-BE87-48AA-8076-F8CC3DEE66E6}.Release|Any CPU.ActiveCfg = Release|Any CPU
		{547EB96B-BE87-48AA-8076-F8CC3DEE66E6}.Release|Any CPU.Build.0 = Release|Any CPU
		{547EB96B-BE87-48AA-8076-F8CC3DEE66E6}.Release|x64.ActiveCfg = Release|Any CPU
		{547EB96B-BE87-48AA-8076-F8CC3DEE66E6}.Release|x64.Build.0 = Release|Any CPU
		{547EB96B-BE87-48AA-8076-F8CC3DEE66E6}.Release|x86.ActiveCfg = Release|Any CPU
		{547EB96B-BE87-48AA-8076-F8CC3DEE66E6}.Release|x86.Build.0 = Release|Any CPU
		{3A579E0B-3549-4C14-A5CC-3A98E224C8F4}.Debug|Any CPU.ActiveCfg = Debug|Any CPU
		{3A579E0B-3549-4C14-A5CC-3A98E224C8F4}.Debug|Any CPU.Build.0 = Debug|Any CPU
		{3A579E0B-3549-4C14-A5CC-3A98E224C8F4}.Debug|x64.ActiveCfg = Debug|Any CPU
		{3A579E0B-3549-4C14-A5CC-3A98E224C8F4}.Debug|x64.Build.0 = Debug|Any CPU
		{3A579E0B-3549-4C14-A5CC-3A98E224C8F4}.Debug|x86.ActiveCfg = Debug|Any CPU
		{3A579E0B-3549-4C14-A5CC-3A98E224C8F4}.Debug|x86.Build.0 = Debug|Any CPU
		{3A579E0B-3549-4C14-A5CC-3A98E224C8F4}.Release|Any CPU.ActiveCfg = Release|Any CPU
		{3A579E0B-3549-4C14-A5CC-3A98E224C8F4}.Release|Any CPU.Build.0 = Release|Any CPU
		{3A579E0B-3549-4C14-A5CC-3A98E224C8F4}.Release|x64.ActiveCfg = Release|Any CPU
		{3A579E0B-3549-4C14-A5CC-3A98E224C8F4}.Release|x64.Build.0 = Release|Any CPU
		{3A579E0B-3549-4C14-A5CC-3A98E224C8F4}.Release|x86.ActiveCfg = Release|Any CPU
		{3A579E0B-3549-4C14-A5CC-3A98E224C8F4}.Release|x86.Build.0 = Release|Any CPU
		{BF514973-E5BA-44A6-AC4A-88C4FFF7E6EA}.Debug|Any CPU.ActiveCfg = Debug|Any CPU
		{BF514973-E5BA-44A6-AC4A-88C4FFF7E6EA}.Debug|Any CPU.Build.0 = Debug|Any CPU
		{BF514973-E5BA-44A6-AC4A-88C4FFF7E6EA}.Debug|x64.ActiveCfg = Debug|Any CPU
		{BF514973-E5BA-44A6-AC4A-88C4FFF7E6EA}.Debug|x64.Build.0 = Debug|Any CPU
		{BF514973-E5BA-44A6-AC4A-88C4FFF7E6EA}.Debug|x86.ActiveCfg = Debug|Any CPU
		{BF514973-E5BA-44A6-AC4A-88C4FFF7E6EA}.Debug|x86.Build.0 = Debug|Any CPU
		{BF514973-E5BA-44A6-AC4A-88C4FFF7E6EA}.Release|Any CPU.ActiveCfg = Release|Any CPU
		{BF514973-E5BA-44A6-AC4A-88C4FFF7E6EA}.Release|Any CPU.Build.0 = Release|Any CPU
		{BF514973-E5BA-44A6-AC4A-88C4FFF7E6EA}.Release|x64.ActiveCfg = Release|Any CPU
		{BF514973-E5BA-44A6-AC4A-88C4FFF7E6EA}.Release|x64.Build.0 = Release|Any CPU
		{BF514973-E5BA-44A6-AC4A-88C4FFF7E6EA}.Release|x86.ActiveCfg = Release|Any CPU
		{BF514973-E5BA-44A6-AC4A-88C4FFF7E6EA}.Release|x86.Build.0 = Release|Any CPU
	EndGlobalSection
	GlobalSection(SolutionProperties) = preSolution
		HideSolutionNode = FALSE
	EndGlobalSection
	GlobalSection(NestedProjects) = preSolution
		{B3BF14DB-C6A3-4343-89EF-6CB0A2B3AB1C} = {827E0CD3-B72D-47B6-A68D-7590B98EB39B}
		{C69734E3-4D17-4FE8-93D6-83FF30068EA8} = {827E0CD3-B72D-47B6-A68D-7590B98EB39B}
		{E575463E-B2CD-4108-81B2-810610F45A26} = {827E0CD3-B72D-47B6-A68D-7590B98EB39B}
		{16F77D6E-1D69-AB9A-101E-9520E10844CA} = {5D20AA90-6969-D8BD-9DCD-8634F4692FDA}
		{27D534A1-3EC7-E3FD-8627-F9EFA690042E} = {16F77D6E-1D69-AB9A-101E-9520E10844CA}
		{2BB76A97-6A4B-49BE-BC46-E41F6387D811} = {27D534A1-3EC7-E3FD-8627-F9EFA690042E}
		{1887CA1B-ABF3-92F5-1509-B644FF9312D7} = {5D20AA90-6969-D8BD-9DCD-8634F4692FDA}
		{614A6D6F-412E-90A7-AD8E-468F7CDDFB9D} = {1887CA1B-ABF3-92F5-1509-B644FF9312D7}
		{EBD138A1-4AB7-4A4D-9919-56917FBC62E0} = {614A6D6F-412E-90A7-AD8E-468F7CDDFB9D}
		{9DF18754-3D86-4909-A00B-645A6A925D5F} = {0AB3BF05-4346-4AA6-1389-037BE0695223}
		{E67C52A7-F412-4C8E-A18F-1DCD0254D8B7} = {0AB3BF05-4346-4AA6-1389-037BE0695223}
		{547EB96B-BE87-48AA-8076-F8CC3DEE66E6} = {5D20AA90-6969-D8BD-9DCD-8634F4692FDA}
		{3A579E0B-3549-4C14-A5CC-3A98E224C8F4} = {827E0CD3-B72D-47B6-A68D-7590B98EB39B}
		{BF514973-E5BA-44A6-AC4A-88C4FFF7E6EA} = {827E0CD3-B72D-47B6-A68D-7590B98EB39B}
	EndGlobalSection
EndGlobal
